
Microsoft Visual Studio Solution File, Format Version 12.00
# Visual Studio Version 17
VisualStudioVersion = 17.7.34202.233
MinimumVisualStudioVersion = 10.0.40219.1
Project("{FAE04EC0-301F-11D3-BF4B-00C04F79EFBC}") = "CodeFist_1", "CodeFist_1\CodeFist_1.csproj", "{2348F852-836B-4057-B41E-1F16C62D7650}"
EndProject
Global
	GlobalSection(SolutionConfigurationPlatforms) = preSolution
		Debug|Any CPU = Debug|Any CPU
		Release|Any CPU = Release|Any CPU
	EndGlobalSection
	GlobalSection(ProjectConfigurationPlatforms) = postSolution
		{2348F852-836B-4057-B41E-1F16C62D7650}.Debug|Any CPU.ActiveCfg = Debug|Any CPU
		{2348F852-836B-4057-B41E-1F16C62D7650}.Debug|Any CPU.Build.0 = Debug|Any CPU
		{2348F852-836B-4057-B41E-1F16C62D7650}.Release|Any CPU.ActiveCfg = Release|Any CPU
		{2348F852-836B-4057-B41E-1F16C62D7650}.Release|Any CPU.Build.0 = Release|Any CPU
	EndGlobalSection
	GlobalSection(SolutionProperties) = preSolution
		HideSolutionNode = FALSE
	EndGlobalSection
	GlobalSection(ExtensibilityGlobals) = postSolution
		SolutionGuid = {51E00547-FA93-4001-BB5A-79BFA88D9096}
	EndGlobalSection
EndGlobal
